
Microsoft Visual Studio Solution File, Format Version 12.00
# Visual Studio Version 17
VisualStudioVersion = 17.4.33205.214
MinimumVisualStudioVersion = 10.0.40219.1
Project("{FAE04EC0-301F-11D3-BF4B-00C04F79EFBC}") = "Pallindromestring", "Pallindromestring\Pallindromestring.csproj", "{21D013B1-1B98-4C5A-B148-7D81FF1F24A8}"
EndProject
Global
	GlobalSection(SolutionConfigurationPlatforms) = preSolution
		Debug|Any CPU = Debug|Any CPU
		Release|Any CPU = Release|Any CPU
	EndGlobalSection
	GlobalSection(ProjectConfigurationPlatforms) = postSolution
		{21D013B1-1B98-4C5A-B148-7D81FF1F24A8}.Debug|Any CPU.ActiveCfg = Debug|Any CPU
		{21D013B1-1B98-4C5A-B148-7D81FF1F24A8}.Debug|Any CPU.Build.0 = Debug|Any CPU
		{21D013B1-1B98-4C5A-B148-7D81FF1F24A8}.Release|Any CPU.ActiveCfg = Release|Any CPU
		{21D013B1-1B98-4C5A-B148-7D81FF1F24A8}.Release|Any CPU.Build.0 = Release|Any CPU
	EndGlobalSection
	GlobalSection(SolutionProperties) = preSolution
		HideSolutionNode = FALSE
	EndGlobalSection
	GlobalSection(ExtensibilityGlobals) = postSolution
		SolutionGuid = {B578F75E-3CF8-4DDD-AD7B-6EB4F5261242}
	EndGlobalSection
EndGlobal
